// !$*UTF8*$!
{
	archiveVersion = 1;
	classes = {
	};
	objectVersion = 54;
	objects = {

/* Begin PBXBuildFile section */
		B20A762B271766B900075717 /* Extensions.swift in Sources */ = {isa = PBXBuildFile; fileRef = B20A762A271766B900075717 /* Extensions.swift */; };
		B22178DD27282D990055F994 /* NewReleasesResponse.swift in Sources */ = {isa = PBXBuildFile; fileRef = B22178DC27282D990055F994 /* NewReleasesResponse.swift */; };
		B22178DF27282F200055F994 /* APIImage.swift in Sources */ = {isa = PBXBuildFile; fileRef = B22178DE27282F200055F994 /* APIImage.swift */; };
		B22178E1272834140055F994 /* FeaturedPlaylistResponse.swift in Sources */ = {isa = PBXBuildFile; fileRef = B22178E0272834140055F994 /* FeaturedPlaylistResponse.swift */; };
		B22178E3272838F50055F994 /* RecommendedGenresResponse.swift in Sources */ = {isa = PBXBuildFile; fileRef = B22178E2272838F50055F994 /* RecommendedGenresResponse.swift */; };
		B22178E5272843B80055F994 /* RecommendationsResponse.swift in Sources */ = {isa = PBXBuildFile; fileRef = B22178E4272843B80055F994 /* RecommendationsResponse.swift */; };
		B25CD46027160CA3005DD73E /* AppDelegate.swift in Sources */ = {isa = PBXBuildFile; fileRef = B25CD45F27160CA3005DD73E /* AppDelegate.swift */; };
		B25CD46227160CA3005DD73E /* SceneDelegate.swift in Sources */ = {isa = PBXBuildFile; fileRef = B25CD46127160CA3005DD73E /* SceneDelegate.swift */; };
		B25CD46427160CA3005DD73E /* HomeViewController.swift in Sources */ = {isa = PBXBuildFile; fileRef = B25CD46327160CA3005DD73E /* HomeViewController.swift */; };
		B25CD46927160CA5005DD73E /* Assets.xcassets in Resources */ = {isa = PBXBuildFile; fileRef = B25CD46827160CA5005DD73E /* Assets.xcassets */; };
		B25CD46C27160CA5005DD73E /* LaunchScreen.storyboard in Resources */ = {isa = PBXBuildFile; fileRef = B25CD46A27160CA5005DD73E /* LaunchScreen.storyboard */; };
		B25CD47727160CA5005DD73E /* SpotifyTests.swift in Sources */ = {isa = PBXBuildFile; fileRef = B25CD47627160CA5005DD73E /* SpotifyTests.swift */; };
		B25CD48127160CA6005DD73E /* SpotifyUITests.swift in Sources */ = {isa = PBXBuildFile; fileRef = B25CD48027160CA6005DD73E /* SpotifyUITests.swift */; };
		B25CD48327160CA6005DD73E /* SpotifyUITestsLaunchTests.swift in Sources */ = {isa = PBXBuildFile; fileRef = B25CD48227160CA6005DD73E /* SpotifyUITestsLaunchTests.swift */; };
		B25CD49627160F6B005DD73E /* Main.storyboard in Resources */ = {isa = PBXBuildFile; fileRef = B25CD49527160F6B005DD73E /* Main.storyboard */; };
		B25CD49827160FBE005DD73E /* TabBarViewController.swift in Sources */ = {isa = PBXBuildFile; fileRef = B25CD49727160FBE005DD73E /* TabBarViewController.swift */; };
		B25CD49A27160FE3005DD73E /* SearchViewController.swift in Sources */ = {isa = PBXBuildFile; fileRef = B25CD49927160FE3005DD73E /* SearchViewController.swift */; };
		B25CD49C27160FF3005DD73E /* LibraryViewController.swift in Sources */ = {isa = PBXBuildFile; fileRef = B25CD49B27160FF3005DD73E /* LibraryViewController.swift */; };
		B25CD4A027161031005DD73E /* AuthViewController.swift in Sources */ = {isa = PBXBuildFile; fileRef = B25CD49F27161031005DD73E /* AuthViewController.swift */; };
		B25CD4A227161040005DD73E /* WelcomeViewController.swift in Sources */ = {isa = PBXBuildFile; fileRef = B25CD4A127161040005DD73E /* WelcomeViewController.swift */; };
		B25CD4A427161050005DD73E /* SettingsViewController.swift in Sources */ = {isa = PBXBuildFile; fileRef = B25CD4A327161050005DD73E /* SettingsViewController.swift */; };
		B25CD4A62716105E005DD73E /* ProfileViewController.swift in Sources */ = {isa = PBXBuildFile; fileRef = B25CD4A52716105E005DD73E /* ProfileViewController.swift */; };
		B25CD4A82716106A005DD73E /* PlayerViewController.swift in Sources */ = {isa = PBXBuildFile; fileRef = B25CD4A72716106A005DD73E /* PlayerViewController.swift */; };
		B25CD4AA27161086005DD73E /* PlaylistViewController.swift in Sources */ = {isa = PBXBuildFile; fileRef = B25CD4A927161086005DD73E /* PlaylistViewController.swift */; };
		B25CD4AC271610A2005DD73E /* SearchResultViewController.swift in Sources */ = {isa = PBXBuildFile; fileRef = B25CD4AB271610A2005DD73E /* SearchResultViewController.swift */; };
		B25CD4AE271610C6005DD73E /* AuthManager.swift in Sources */ = {isa = PBXBuildFile; fileRef = B25CD4AD271610C6005DD73E /* AuthManager.swift */; };
		B25CD4B0271610D4005DD73E /* APICaller.swift in Sources */ = {isa = PBXBuildFile; fileRef = B25CD4AF271610D4005DD73E /* APICaller.swift */; };
		B25CD4B2271610E3005DD73E /* HapticsManager.swift in Sources */ = {isa = PBXBuildFile; fileRef = B25CD4B1271610E3005DD73E /* HapticsManager.swift */; };
		B25CD4B4271610F9005DD73E /* Playlist.swift in Sources */ = {isa = PBXBuildFile; fileRef = B25CD4B3271610F9005DD73E /* Playlist.swift */; };
		B25CD4B627161105005DD73E /* AudioTrack.swift in Sources */ = {isa = PBXBuildFile; fileRef = B25CD4B527161105005DD73E /* AudioTrack.swift */; };
		B25CD4B82716110D005DD73E /* Artist.swift in Sources */ = {isa = PBXBuildFile; fileRef = B25CD4B72716110D005DD73E /* Artist.swift */; };
		B25CD4BA27161119005DD73E /* UserProfile.swift in Sources */ = {isa = PBXBuildFile; fileRef = B25CD4B927161119005DD73E /* UserProfile.swift */; };
		B292BDF9271DFE390092E5E8 /* SettingsModels.swift in Sources */ = {isa = PBXBuildFile; fileRef = B292BDF8271DFE390092E5E8 /* SettingsModels.swift */; };
		B29EB2652718B2A8005F584A /* Constants.swift in Sources */ = {isa = PBXBuildFile; fileRef = B29EB2642718B2A8005F584A /* Constants.swift */; };
		B29EB2672718BBD8005F584A /* AuthResponse.swift in Sources */ = {isa = PBXBuildFile; fileRef = B29EB2662718BBD8005F584A /* AuthResponse.swift */; };
		EAAD8F2E56B071E1CB49123A /* Pods_Spotify.framework in Frameworks */ = {isa = PBXBuildFile; fileRef = F2EA5E3F429663621D2BB447 /* Pods_Spotify.framework */; };
/* End PBXBuildFile section */

/* Begin PBXContainerItemProxy section */
		B25CD47327160CA5005DD73E /* PBXContainerItemProxy */ = {
			isa = PBXContainerItemProxy;
			containerPortal = B25CD45427160CA3005DD73E /* Project object */;
			proxyType = 1;
			remoteGlobalIDString = B25CD45B27160CA3005DD73E;
			remoteInfo = Spotify;
		};
		B25CD47D27160CA6005DD73E /* PBXContainerItemProxy */ = {
			isa = PBXContainerItemProxy;
			containerPortal = B25CD45427160CA3005DD73E /* Project object */;
			proxyType = 1;
			remoteGlobalIDString = B25CD45B27160CA3005DD73E;
			remoteInfo = Spotify;
		};
/* End PBXContainerItemProxy section */

/* Begin PBXFileReference section */
		2E8823B0DFA0750E5F70F49A /* Pods-Spotify.release.xcconfig */ = {isa = PBXFileReference; includeInIndex = 1; lastKnownFileType = text.xcconfig; name = "Pods-Spotify.release.xcconfig"; path = "Target Support Files/Pods-Spotify/Pods-Spotify.release.xcconfig"; sourceTree = "<group>"; };
		B20A762A271766B900075717 /* Extensions.swift */ = {isa = PBXFileReference; lastKnownFileType = sourcecode.swift; path = Extensions.swift; sourceTree = "<group>"; };
		B22178DC27282D990055F994 /* NewReleasesResponse.swift */ = {isa = PBXFileReference; lastKnownFileType = sourcecode.swift; path = NewReleasesResponse.swift; sourceTree = "<group>"; };
		B22178DE27282F200055F994 /* APIImage.swift */ = {isa = PBXFileReference; lastKnownFileType = sourcecode.swift; path = APIImage.swift; sourceTree = "<group>"; };
		B22178E0272834140055F994 /* FeaturedPlaylistResponse.swift */ = {isa = PBXFileReference; lastKnownFileType = sourcecode.swift; path = FeaturedPlaylistResponse.swift; sourceTree = "<group>"; };
		B22178E2272838F50055F994 /* RecommendedGenresResponse.swift */ = {isa = PBXFileReference; lastKnownFileType = sourcecode.swift; path = RecommendedGenresResponse.swift; sourceTree = "<group>"; };
		B22178E4272843B80055F994 /* RecommendationsResponse.swift */ = {isa = PBXFileReference; lastKnownFileType = sourcecode.swift; path = RecommendationsResponse.swift; sourceTree = "<group>"; };
		B25CD45C27160CA3005DD73E /* Spotify.app */ = {isa = PBXFileReference; explicitFileType = wrapper.application; includeInIndex = 0; path = Spotify.app; sourceTree = BUILT_PRODUCTS_DIR; };
		B25CD45F27160CA3005DD73E /* AppDelegate.swift */ = {isa = PBXFileReference; lastKnownFileType = sourcecode.swift; path = AppDelegate.swift; sourceTree = "<group>"; };
		B25CD46127160CA3005DD73E /* SceneDelegate.swift */ = {isa = PBXFileReference; lastKnownFileType = sourcecode.swift; path = SceneDelegate.swift; sourceTree = "<group>"; };
		B25CD46327160CA3005DD73E /* HomeViewController.swift */ = {isa = PBXFileReference; lastKnownFileType = sourcecode.swift; path = HomeViewController.swift; sourceTree = "<group>"; };
		B25CD46827160CA5005DD73E /* Assets.xcassets */ = {isa = PBXFileReference; lastKnownFileType = folder.assetcatalog; path = Assets.xcassets; sourceTree = "<group>"; };
		B25CD46B27160CA5005DD73E /* Base */ = {isa = PBXFileReference; lastKnownFileType = file.storyboard; name = Base; path = Base.lproj/LaunchScreen.storyboard; sourceTree = "<group>"; };
		B25CD46D27160CA5005DD73E /* Info.plist */ = {isa = PBXFileReference; lastKnownFileType = text.plist.xml; path = Info.plist; sourceTree = "<group>"; };
		B25CD47227160CA5005DD73E /* SpotifyTests.xctest */ = {isa = PBXFileReference; explicitFileType = wrapper.cfbundle; includeInIndex = 0; path = SpotifyTests.xctest; sourceTree = BUILT_PRODUCTS_DIR; };
		B25CD47627160CA5005DD73E /* SpotifyTests.swift */ = {isa = PBXFileReference; lastKnownFileType = sourcecode.swift; path = SpotifyTests.swift; sourceTree = "<group>"; };
		B25CD47C27160CA6005DD73E /* SpotifyUITests.xctest */ = {isa = PBXFileReference; explicitFileType = wrapper.cfbundle; includeInIndex = 0; path = SpotifyUITests.xctest; sourceTree = BUILT_PRODUCTS_DIR; };
		B25CD48027160CA6005DD73E /* SpotifyUITests.swift */ = {isa = PBXFileReference; lastKnownFileType = sourcecode.swift; path = SpotifyUITests.swift; sourceTree = "<group>"; };
		B25CD48227160CA6005DD73E /* SpotifyUITestsLaunchTests.swift */ = {isa = PBXFileReference; lastKnownFileType = sourcecode.swift; path = SpotifyUITestsLaunchTests.swift; sourceTree = "<group>"; };
		B25CD49527160F6B005DD73E /* Main.storyboard */ = {isa = PBXFileReference; fileEncoding = 4; lastKnownFileType = file.storyboard; path = Main.storyboard; sourceTree = "<group>"; };
		B25CD49727160FBE005DD73E /* TabBarViewController.swift */ = {isa = PBXFileReference; lastKnownFileType = sourcecode.swift; path = TabBarViewController.swift; sourceTree = "<group>"; };
		B25CD49927160FE3005DD73E /* SearchViewController.swift */ = {isa = PBXFileReference; lastKnownFileType = sourcecode.swift; path = SearchViewController.swift; sourceTree = "<group>"; };
		B25CD49B27160FF3005DD73E /* LibraryViewController.swift */ = {isa = PBXFileReference; lastKnownFileType = sourcecode.swift; path = LibraryViewController.swift; sourceTree = "<group>"; };
		B25CD49F27161031005DD73E /* AuthViewController.swift */ = {isa = PBXFileReference; lastKnownFileType = sourcecode.swift; path = AuthViewController.swift; sourceTree = "<group>"; };
		B25CD4A127161040005DD73E /* WelcomeViewController.swift */ = {isa = PBXFileReference; lastKnownFileType = sourcecode.swift; path = WelcomeViewController.swift; sourceTree = "<group>"; };
		B25CD4A327161050005DD73E /* SettingsViewController.swift */ = {isa = PBXFileReference; lastKnownFileType = sourcecode.swift; path = SettingsViewController.swift; sourceTree = "<group>"; };
		B25CD4A52716105E005DD73E /* ProfileViewController.swift */ = {isa = PBXFileReference; lastKnownFileType = sourcecode.swift; path = ProfileViewController.swift; sourceTree = "<group>"; };
		B25CD4A72716106A005DD73E /* PlayerViewController.swift */ = {isa = PBXFileReference; lastKnownFileType = sourcecode.swift; path = PlayerViewController.swift; sourceTree = "<group>"; };
		B25CD4A927161086005DD73E /* PlaylistViewController.swift */ = {isa = PBXFileReference; lastKnownFileType = sourcecode.swift; path = PlaylistViewController.swift; sourceTree = "<group>"; };
		B25CD4AB271610A2005DD73E /* SearchResultViewController.swift */ = {isa = PBXFileReference; lastKnownFileType = sourcecode.swift; path = SearchResultViewController.swift; sourceTree = "<group>"; };
		B25CD4AD271610C6005DD73E /* AuthManager.swift */ = {isa = PBXFileReference; lastKnownFileType = sourcecode.swift; path = AuthManager.swift; sourceTree = "<group>"; };
		B25CD4AF271610D4005DD73E /* APICaller.swift */ = {isa = PBXFileReference; lastKnownFileType = sourcecode.swift; path = APICaller.swift; sourceTree = "<group>"; };
		B25CD4B1271610E3005DD73E /* HapticsManager.swift */ = {isa = PBXFileReference; lastKnownFileType = sourcecode.swift; path = HapticsManager.swift; sourceTree = "<group>"; };
		B25CD4B3271610F9005DD73E /* Playlist.swift */ = {isa = PBXFileReference; lastKnownFileType = sourcecode.swift; path = Playlist.swift; sourceTree = "<group>"; };
		B25CD4B527161105005DD73E /* AudioTrack.swift */ = {isa = PBXFileReference; lastKnownFileType = sourcecode.swift; path = AudioTrack.swift; sourceTree = "<group>"; };
		B25CD4B72716110D005DD73E /* Artist.swift */ = {isa = PBXFileReference; lastKnownFileType = sourcecode.swift; path = Artist.swift; sourceTree = "<group>"; };
		B25CD4B927161119005DD73E /* UserProfile.swift */ = {isa = PBXFileReference; lastKnownFileType = sourcecode.swift; path = UserProfile.swift; sourceTree = "<group>"; };
		B292BDF8271DFE390092E5E8 /* SettingsModels.swift */ = {isa = PBXFileReference; lastKnownFileType = sourcecode.swift; path = SettingsModels.swift; sourceTree = "<group>"; };
		B29EB2642718B2A8005F584A /* Constants.swift */ = {isa = PBXFileReference; lastKnownFileType = sourcecode.swift; path = Constants.swift; sourceTree = "<group>"; };
		B29EB2662718BBD8005F584A /* AuthResponse.swift */ = {isa = PBXFileReference; lastKnownFileType = sourcecode.swift; path = AuthResponse.swift; sourceTree = "<group>"; };
		D7CBC26F1D14FC71EA7E1B6F /* Pods-Spotify.debug.xcconfig */ = {isa = PBXFileReference; includeInIndex = 1; lastKnownFileType = text.xcconfig; name = "Pods-Spotify.debug.xcconfig"; path = "Target Support Files/Pods-Spotify/Pods-Spotify.debug.xcconfig"; sourceTree = "<group>"; };
		F2EA5E3F429663621D2BB447 /* Pods_Spotify.framework */ = {isa = PBXFileReference; explicitFileType = wrapper.framework; includeInIndex = 0; path = Pods_Spotify.framework; sourceTree = BUILT_PRODUCTS_DIR; };
/* End PBXFileReference section */

/* Begin PBXFrameworksBuildPhase section */
		B25CD45927160CA3005DD73E /* Frameworks */ = {
			isa = PBXFrameworksBuildPhase;
			buildActionMask = 2147483647;
			files = (
				EAAD8F2E56B071E1CB49123A /* Pods_Spotify.framework in Frameworks */,
			);
			runOnlyForDeploymentPostprocessing = 0;
		};
		B25CD46F27160CA5005DD73E /* Frameworks */ = {
			isa = PBXFrameworksBuildPhase;
			buildActionMask = 2147483647;
			files = (
			);
			runOnlyForDeploymentPostprocessing = 0;
		};
		B25CD47927160CA5005DD73E /* Frameworks */ = {
			isa = PBXFrameworksBuildPhase;
			buildActionMask = 2147483647;
			files = (
			);
			runOnlyForDeploymentPostprocessing = 0;
		};
/* End PBXFrameworksBuildPhase section */

/* Begin PBXGroup section */
		00BE2E043460AA99DFE61D94 /* Pods */ = {
			isa = PBXGroup;
			children = (
				D7CBC26F1D14FC71EA7E1B6F /* Pods-Spotify.debug.xcconfig */,
				2E8823B0DFA0750E5F70F49A /* Pods-Spotify.release.xcconfig */,
			);
			path = Pods;
			sourceTree = "<group>";
		};
		34FDDBB7FDFBECFAB4F2110F /* Frameworks */ = {
			isa = PBXGroup;
			children = (
				F2EA5E3F429663621D2BB447 /* Pods_Spotify.framework */,
			);
			name = Frameworks;
			sourceTree = "<group>";
		};
		B25CD45327160CA3005DD73E = {
			isa = PBXGroup;
			children = (
				B25CD45E27160CA3005DD73E /* Spotify */,
				B25CD47527160CA5005DD73E /* SpotifyTests */,
				B25CD47F27160CA6005DD73E /* SpotifyUITests */,
				B25CD45D27160CA3005DD73E /* Products */,
				00BE2E043460AA99DFE61D94 /* Pods */,
				34FDDBB7FDFBECFAB4F2110F /* Frameworks */,
			);
			sourceTree = "<group>";
		};
		B25CD45D27160CA3005DD73E /* Products */ = {
			isa = PBXGroup;
			children = (
				B25CD45C27160CA3005DD73E /* Spotify.app */,
				B25CD47227160CA5005DD73E /* SpotifyTests.xctest */,
				B25CD47C27160CA6005DD73E /* SpotifyUITests.xctest */,
			);
			name = Products;
			sourceTree = "<group>";
		};
		B25CD45E27160CA3005DD73E /* Spotify */ = {
			isa = PBXGroup;
			children = (
				B25CD49427160D20005DD73E /* Resources */,
				B25CD49327160D15005DD73E /* Managers */,
				B25CD49227160D02005DD73E /* ViewModels */,
				B25CD49127160CF9005DD73E /* Models */,
				B25CD49027160CF2005DD73E /* Views */,
				B25CD48F27160CE6005DD73E /* Controllers */,
				B25CD46D27160CA5005DD73E /* Info.plist */,
			);
			path = Spotify;
			sourceTree = "<group>";
		};
		B25CD47527160CA5005DD73E /* SpotifyTests */ = {
			isa = PBXGroup;
			children = (
				B25CD47627160CA5005DD73E /* SpotifyTests.swift */,
			);
			path = SpotifyTests;
			sourceTree = "<group>";
		};
		B25CD47F27160CA6005DD73E /* SpotifyUITests */ = {
			isa = PBXGroup;
			children = (
				B25CD48027160CA6005DD73E /* SpotifyUITests.swift */,
				B25CD48227160CA6005DD73E /* SpotifyUITestsLaunchTests.swift */,
			);
			path = SpotifyUITests;
			sourceTree = "<group>";
		};
		B25CD48F27160CE6005DD73E /* Controllers */ = {
			isa = PBXGroup;
			children = (
				B25CD49E27161018005DD73E /* Other */,
				B25CD49D27160FFF005DD73E /* Core */,
			);
			path = Controllers;
			sourceTree = "<group>";
		};
		B25CD49027160CF2005DD73E /* Views */ = {
			isa = PBXGroup;
			children = (
				B25CD46A27160CA5005DD73E /* LaunchScreen.storyboard */,
				B25CD49527160F6B005DD73E /* Main.storyboard */,
			);
			path = Views;
			sourceTree = "<group>";
		};
		B25CD49127160CF9005DD73E /* Models */ = {
			isa = PBXGroup;
			children = (
				B25CD4B3271610F9005DD73E /* Playlist.swift */,
				B25CD4B527161105005DD73E /* AudioTrack.swift */,
				B25CD4B72716110D005DD73E /* Artist.swift */,
				B25CD4B927161119005DD73E /* UserProfile.swift */,
				B29EB2662718BBD8005F584A /* AuthResponse.swift */,
				B292BDF8271DFE390092E5E8 /* SettingsModels.swift */,
				B22178DC27282D990055F994 /* NewReleasesResponse.swift */,
				B22178DE27282F200055F994 /* APIImage.swift */,
				B22178E0272834140055F994 /* FeaturedPlaylistResponse.swift */,
				B22178E2272838F50055F994 /* RecommendedGenresResponse.swift */,
				B22178E4272843B80055F994 /* RecommendationsResponse.swift */,
			);
			path = Models;
			sourceTree = "<group>";
		};
		B25CD49227160D02005DD73E /* ViewModels */ = {
			isa = PBXGroup;
			children = (
			);
			path = ViewModels;
			sourceTree = "<group>";
		};
		B25CD49327160D15005DD73E /* Managers */ = {
			isa = PBXGroup;
			children = (
				B29EB2642718B2A8005F584A /* Constants.swift */,
				B25CD4AD271610C6005DD73E /* AuthManager.swift */,
				B25CD4AF271610D4005DD73E /* APICaller.swift */,
				B25CD4B1271610E3005DD73E /* HapticsManager.swift */,
			);
			path = Managers;
			sourceTree = "<group>";
		};
		B25CD49427160D20005DD73E /* Resources */ = {
			isa = PBXGroup;
			children = (
				B25CD46827160CA5005DD73E /* Assets.xcassets */,
				B25CD45F27160CA3005DD73E /* AppDelegate.swift */,
				B25CD46127160CA3005DD73E /* SceneDelegate.swift */,
				B20A762A271766B900075717 /* Extensions.swift */,
			);
			path = Resources;
			sourceTree = "<group>";
		};
		B25CD49D27160FFF005DD73E /* Core */ = {
			isa = PBXGroup;
			children = (
				B25CD49727160FBE005DD73E /* TabBarViewController.swift */,
				B25CD46327160CA3005DD73E /* HomeViewController.swift */,
				B25CD49927160FE3005DD73E /* SearchViewController.swift */,
				B25CD49B27160FF3005DD73E /* LibraryViewController.swift */,
			);
			path = Core;
			sourceTree = "<group>";
		};
		B25CD49E27161018005DD73E /* Other */ = {
			isa = PBXGroup;
			children = (
				B25CD49F27161031005DD73E /* AuthViewController.swift */,
				B25CD4A127161040005DD73E /* WelcomeViewController.swift */,
				B25CD4A327161050005DD73E /* SettingsViewController.swift */,
				B25CD4A52716105E005DD73E /* ProfileViewController.swift */,
				B25CD4A72716106A005DD73E /* PlayerViewController.swift */,
				B25CD4A927161086005DD73E /* PlaylistViewController.swift */,
				B25CD4AB271610A2005DD73E /* SearchResultViewController.swift */,
			);
			path = Other;
			sourceTree = "<group>";
		};
/* End PBXGroup section */

/* Begin PBXNativeTarget section */
		B25CD45B27160CA3005DD73E /* Spotify */ = {
			isa = PBXNativeTarget;
			buildConfigurationList = B25CD48627160CA6005DD73E /* Build configuration list for PBXNativeTarget "Spotify" */;
			buildPhases = (
				1EFB7B407D5F4E7685918E04 /* [CP] Check Pods Manifest.lock */,
				B25CD45827160CA3005DD73E /* Sources */,
				B25CD45927160CA3005DD73E /* Frameworks */,
				B25CD45A27160CA3005DD73E /* Resources */,
				439C18AF341AEE830A8B900F /* [CP] Embed Pods Frameworks */,
			);
			buildRules = (
			);
			dependencies = (
			);
			name = Spotify;
			productName = Spotify;
			productReference = B25CD45C27160CA3005DD73E /* Spotify.app */;
			productType = "com.apple.product-type.application";
		};
		B25CD47127160CA5005DD73E /* SpotifyTests */ = {
			isa = PBXNativeTarget;
			buildConfigurationList = B25CD48927160CA6005DD73E /* Build configuration list for PBXNativeTarget "SpotifyTests" */;
			buildPhases = (
				B25CD46E27160CA5005DD73E /* Sources */,
				B25CD46F27160CA5005DD73E /* Frameworks */,
				B25CD47027160CA5005DD73E /* Resources */,
			);
			buildRules = (
			);
			dependencies = (
				B25CD47427160CA5005DD73E /* PBXTargetDependency */,
			);
			name = SpotifyTests;
			productName = SpotifyTests;
			productReference = B25CD47227160CA5005DD73E /* SpotifyTests.xctest */;
			productType = "com.apple.product-type.bundle.unit-test";
		};
		B25CD47B27160CA5005DD73E /* SpotifyUITests */ = {
			isa = PBXNativeTarget;
			buildConfigurationList = B25CD48C27160CA6005DD73E /* Build configuration list for PBXNativeTarget "SpotifyUITests" */;
			buildPhases = (
				B25CD47827160CA5005DD73E /* Sources */,
				B25CD47927160CA5005DD73E /* Frameworks */,
				B25CD47A27160CA5005DD73E /* Resources */,
			);
			buildRules = (
			);
			dependencies = (
				B25CD47E27160CA6005DD73E /* PBXTargetDependency */,
			);
			name = SpotifyUITests;
			productName = SpotifyUITests;
			productReference = B25CD47C27160CA6005DD73E /* SpotifyUITests.xctest */;
			productType = "com.apple.product-type.bundle.ui-testing";
		};
/* End PBXNativeTarget section */

/* Begin PBXProject section */
		B25CD45427160CA3005DD73E /* Project object */ = {
			isa = PBXProject;
			attributes = {
				BuildIndependentTargetsInParallel = 1;
				LastSwiftUpdateCheck = 1300;
				LastUpgradeCheck = 1300;
				TargetAttributes = {
					B25CD45B27160CA3005DD73E = {
						CreatedOnToolsVersion = 13.0;
					};
					B25CD47127160CA5005DD73E = {
						CreatedOnToolsVersion = 13.0;
						TestTargetID = B25CD45B27160CA3005DD73E;
					};
					B25CD47B27160CA5005DD73E = {
						CreatedOnToolsVersion = 13.0;
						TestTargetID = B25CD45B27160CA3005DD73E;
					};
				};
			};
			buildConfigurationList = B25CD45727160CA3005DD73E /* Build configuration list for PBXProject "Spotify" */;
			compatibilityVersion = "Xcode 12.0";
			developmentRegion = en;
			hasScannedForEncodings = 0;
			knownRegions = (
				en,
				Base,
			);
			mainGroup = B25CD45327160CA3005DD73E;
			productRefGroup = B25CD45D27160CA3005DD73E /* Products */;
			projectDirPath = "";
			projectRoot = "";
			targets = (
				B25CD45B27160CA3005DD73E /* Spotify */,
				B25CD47127160CA5005DD73E /* SpotifyTests */,
				B25CD47B27160CA5005DD73E /* SpotifyUITests */,
			);
		};
/* End PBXProject section */

/* Begin PBXResourcesBuildPhase section */
		B25CD45A27160CA3005DD73E /* Resources */ = {
			isa = PBXResourcesBuildPhase;
			buildActionMask = 2147483647;
			files = (
				B25CD49627160F6B005DD73E /* Main.storyboard in Resources */,
				B25CD46C27160CA5005DD73E /* LaunchScreen.storyboard in Resources */,
				B25CD46927160CA5005DD73E /* Assets.xcassets in Resources */,
			);
			runOnlyForDeploymentPostprocessing = 0;
		};
		B25CD47027160CA5005DD73E /* Resources */ = {
			isa = PBXResourcesBuildPhase;
			buildActionMask = 2147483647;
			files = (
			);
			runOnlyForDeploymentPostprocessing = 0;
		};
		B25CD47A27160CA5005DD73E /* Resources */ = {
			isa = PBXResourcesBuildPhase;
			buildActionMask = 2147483647;
			files = (
			);
			runOnlyForDeploymentPostprocessing = 0;
		};
/* End PBXResourcesBuildPhase section */

/* Begin PBXShellScriptBuildPhase section */
		1EFB7B407D5F4E7685918E04 /* [CP] Check Pods Manifest.lock */ = {
			isa = PBXShellScriptBuildPhase;
			buildActionMask = 2147483647;
			files = (
			);
			inputFileListPaths = (
			);
			inputPaths = (
				"${PODS_PODFILE_DIR_PATH}/Podfile.lock",
				"${PODS_ROOT}/Manifest.lock",
			);
			name = "[CP] Check Pods Manifest.lock";
			outputFileListPaths = (
			);
			outputPaths = (
				"$(DERIVED_FILE_DIR)/Pods-Spotify-checkManifestLockResult.txt",
			);
			runOnlyForDeploymentPostprocessing = 0;
			shellPath = /bin/sh;
			shellScript = "diff \"${PODS_PODFILE_DIR_PATH}/Podfile.lock\" \"${PODS_ROOT}/Manifest.lock\" > /dev/null\nif [ $? != 0 ] ; then\n    # print error to STDERR\n    echo \"error: The sandbox is not in sync with the Podfile.lock. Run 'pod install' or update your CocoaPods installation.\" >&2\n    exit 1\nfi\n# This output is used by Xcode 'outputs' to avoid re-running this script phase.\necho \"SUCCESS\" > \"${SCRIPT_OUTPUT_FILE_0}\"\n";
			showEnvVarsInLog = 0;
		};
		439C18AF341AEE830A8B900F /* [CP] Embed Pods Frameworks */ = {
			isa = PBXShellScriptBuildPhase;
			buildActionMask = 2147483647;
			files = (
			);
			inputFileListPaths = (
				"${PODS_ROOT}/Target Support Files/Pods-Spotify/Pods-Spotify-frameworks-${CONFIGURATION}-input-files.xcfilelist",
			);
			name = "[CP] Embed Pods Frameworks";
			outputFileListPaths = (
				"${PODS_ROOT}/Target Support Files/Pods-Spotify/Pods-Spotify-frameworks-${CONFIGURATION}-output-files.xcfilelist",
			);
			runOnlyForDeploymentPostprocessing = 0;
			shellPath = /bin/sh;
			shellScript = "\"${PODS_ROOT}/Target Support Files/Pods-Spotify/Pods-Spotify-frameworks.sh\"\n";
			showEnvVarsInLog = 0;
		};
/* End PBXShellScriptBuildPhase section */

/* Begin PBXSourcesBuildPhase section */
		B25CD45827160CA3005DD73E /* Sources */ = {
			isa = PBXSourcesBuildPhase;
			buildActionMask = 2147483647;
			files = (
				B25CD49A27160FE3005DD73E /* SearchViewController.swift in Sources */,
				B29EB2652718B2A8005F584A /* Constants.swift in Sources */,
				B25CD4B4271610F9005DD73E /* Playlist.swift in Sources */,
				B25CD4AE271610C6005DD73E /* AuthManager.swift in Sources */,
				B22178E3272838F50055F994 /* RecommendedGenresResponse.swift in Sources */,
				B292BDF9271DFE390092E5E8 /* SettingsModels.swift in Sources */,
				B25CD4A227161040005DD73E /* WelcomeViewController.swift in Sources */,
				B22178DF27282F200055F994 /* APIImage.swift in Sources */,
				B25CD4A62716105E005DD73E /* ProfileViewController.swift in Sources */,
				B22178DD27282D990055F994 /* NewReleasesResponse.swift in Sources */,
				B25CD49827160FBE005DD73E /* TabBarViewController.swift in Sources */,
				B25CD46427160CA3005DD73E /* HomeViewController.swift in Sources */,
				B25CD4B2271610E3005DD73E /* HapticsManager.swift in Sources */,
				B25CD4B627161105005DD73E /* AudioTrack.swift in Sources */,
				B25CD4A027161031005DD73E /* AuthViewController.swift in Sources */,
				B25CD46027160CA3005DD73E /* AppDelegate.swift in Sources */,
				B25CD49C27160FF3005DD73E /* LibraryViewController.swift in Sources */,
				B25CD4BA27161119005DD73E /* UserProfile.swift in Sources */,
				B20A762B271766B900075717 /* Extensions.swift in Sources */,
				B25CD4AA27161086005DD73E /* PlaylistViewController.swift in Sources */,
				B25CD4B82716110D005DD73E /* Artist.swift in Sources */,
				B25CD46227160CA3005DD73E /* SceneDelegate.swift in Sources */,
				B25CD4A82716106A005DD73E /* PlayerViewController.swift in Sources */,
				B25CD4AC271610A2005DD73E /* SearchResultViewController.swift in Sources */,
				B22178E1272834140055F994 /* FeaturedPlaylistResponse.swift in Sources */,
				B25CD4B0271610D4005DD73E /* APICaller.swift in Sources */,
				B29EB2672718BBD8005F584A /* AuthResponse.swift in Sources */,
				B25CD4A427161050005DD73E /* SettingsViewController.swift in Sources */,
				B22178E5272843B80055F994 /* RecommendationsResponse.swift in Sources */,
			);
			runOnlyForDeploymentPostprocessing = 0;
		};
		B25CD46E27160CA5005DD73E /* Sources */ = {
			isa = PBXSourcesBuildPhase;
			buildActionMask = 2147483647;
			files = (
				B25CD47727160CA5005DD73E /* SpotifyTests.swift in Sources */,
			);
			runOnlyForDeploymentPostprocessing = 0;
		};
		B25CD47827160CA5005DD73E /* Sources */ = {
			isa = PBXSourcesBuildPhase;
			buildActionMask = 2147483647;
			files = (
				B25CD48127160CA6005DD73E /* SpotifyUITests.swift in Sources */,
				B25CD48327160CA6005DD73E /* SpotifyUITestsLaunchTests.swift in Sources */,
			);
			runOnlyForDeploymentPostprocessing = 0;
		};
/* End PBXSourcesBuildPhase section */

/* Begin PBXTargetDependency section */
		B25CD47427160CA5005DD73E /* PBXTargetDependency */ = {
			isa = PBXTargetDependency;
			target = B25CD45B27160CA3005DD73E /* Spotify */;
			targetProxy = B25CD47327160CA5005DD73E /* PBXContainerItemProxy */;
		};
		B25CD47E27160CA6005DD73E /* PBXTargetDependency */ = {
			isa = PBXTargetDependency;
			target = B25CD45B27160CA3005DD73E /* Spotify */;
			targetProxy = B25CD47D27160CA6005DD73E /* PBXContainerItemProxy */;
		};
/* End PBXTargetDependency section */

/* Begin PBXVariantGroup section */
		B25CD46A27160CA5005DD73E /* LaunchScreen.storyboard */ = {
			isa = PBXVariantGroup;
			children = (
				B25CD46B27160CA5005DD73E /* Base */,
			);
			name = LaunchScreen.storyboard;
			sourceTree = "<group>";
		};
/* End PBXVariantGroup section */

/* Begin XCBuildConfiguration section */
		B25CD48427160CA6005DD73E /* Debug */ = {
			isa = XCBuildConfiguration;
			buildSettings = {
				ALWAYS_SEARCH_USER_PATHS = NO;
				CLANG_ANALYZER_NONNULL = YES;
				CLANG_ANALYZER_NUMBER_OBJECT_CONVERSION = YES_AGGRESSIVE;
				CLANG_CXX_LANGUAGE_STANDARD = "gnu++17";
				CLANG_CXX_LIBRARY = "libc++";
				CLANG_ENABLE_MODULES = YES;
				CLANG_ENABLE_OBJC_ARC = YES;
				CLANG_ENABLE_OBJC_WEAK = YES;
				CLANG_WARN_BLOCK_CAPTURE_AUTORELEASING = YES;
				CLANG_WARN_BOOL_CONVERSION = YES;
				CLANG_WARN_COMMA = YES;
				CLANG_WARN_CONSTANT_CONVERSION = YES;
				CLANG_WARN_DEPRECATED_OBJC_IMPLEMENTATIONS = YES;
				CLANG_WARN_DIRECT_OBJC_ISA_USAGE = YES_ERROR;
				CLANG_WARN_DOCUMENTATION_COMMENTS = YES;
				CLANG_WARN_EMPTY_BODY = YES;
				CLANG_WARN_ENUM_CONVERSION = YES;
				CLANG_WARN_INFINITE_RECURSION = YES;
				CLANG_WARN_INT_CONVERSION = YES;
				CLANG_WARN_NON_LITERAL_NULL_CONVERSION = YES;
				CLANG_WARN_OBJC_IMPLICIT_RETAIN_SELF = YES;
				CLANG_WARN_OBJC_LITERAL_CONVERSION = YES;
				CLANG_WARN_OBJC_ROOT_CLASS = YES_ERROR;
				CLANG_WARN_QUOTED_INCLUDE_IN_FRAMEWORK_HEADER = YES;
				CLANG_WARN_RANGE_LOOP_ANALYSIS = YES;
				CLANG_WARN_STRICT_PROTOTYPES = YES;
				CLANG_WARN_SUSPICIOUS_MOVE = YES;
				CLANG_WARN_UNGUARDED_AVAILABILITY = YES_AGGRESSIVE;
				CLANG_WARN_UNREACHABLE_CODE = YES;
				CLANG_WARN__DUPLICATE_METHOD_MATCH = YES;
				COPY_PHASE_STRIP = NO;
				DEBUG_INFORMATION_FORMAT = dwarf;
				ENABLE_STRICT_OBJC_MSGSEND = YES;
				ENABLE_TESTABILITY = YES;
				GCC_C_LANGUAGE_STANDARD = gnu11;
				GCC_DYNAMIC_NO_PIC = NO;
				GCC_NO_COMMON_BLOCKS = YES;
				GCC_OPTIMIZATION_LEVEL = 0;
				GCC_PREPROCESSOR_DEFINITIONS = (
					"DEBUG=1",
					"$(inherited)",
				);
				GCC_WARN_64_TO_32_BIT_CONVERSION = YES;
				GCC_WARN_ABOUT_RETURN_TYPE = YES_ERROR;
				GCC_WARN_UNDECLARED_SELECTOR = YES;
				GCC_WARN_UNINITIALIZED_AUTOS = YES_AGGRESSIVE;
				GCC_WARN_UNUSED_FUNCTION = YES;
				GCC_WARN_UNUSED_VARIABLE = YES;
				IPHONEOS_DEPLOYMENT_TARGET = 15.0;
				MTL_ENABLE_DEBUG_INFO = INCLUDE_SOURCE;
				MTL_FAST_MATH = YES;
				ONLY_ACTIVE_ARCH = YES;
				SDKROOT = iphoneos;
				SWIFT_ACTIVE_COMPILATION_CONDITIONS = DEBUG;
				SWIFT_OPTIMIZATION_LEVEL = "-Onone";
			};
			name = Debug;
		};
		B25CD48527160CA6005DD73E /* Release */ = {
			isa = XCBuildConfiguration;
			buildSettings = {
				ALWAYS_SEARCH_USER_PATHS = NO;
				CLANG_ANALYZER_NONNULL = YES;
				CLANG_ANALYZER_NUMBER_OBJECT_CONVERSION = YES_AGGRESSIVE;
				CLANG_CXX_LANGUAGE_STANDARD = "gnu++17";
				CLANG_CXX_LIBRARY = "libc++";
				CLANG_ENABLE_MODULES = YES;
				CLANG_ENABLE_OBJC_ARC = YES;
				CLANG_ENABLE_OBJC_WEAK = YES;
				CLANG_WARN_BLOCK_CAPTURE_AUTORELEASING = YES;
				CLANG_WARN_BOOL_CONVERSION = YES;
				CLANG_WARN_COMMA = YES;
				CLANG_WARN_CONSTANT_CONVERSION = YES;
				CLANG_WARN_DEPRECATED_OBJC_IMPLEMENTATIONS = YES;
				CLANG_WARN_DIRECT_OBJC_ISA_USAGE = YES_ERROR;
				CLANG_WARN_DOCUMENTATION_COMMENTS = YES;
				CLANG_WARN_EMPTY_BODY = YES;
				CLANG_WARN_ENUM_CONVERSION = YES;
				CLANG_WARN_INFINITE_RECURSION = YES;
				CLANG_WARN_INT_CONVERSION = YES;
				CLANG_WARN_NON_LITERAL_NULL_CONVERSION = YES;
				CLANG_WARN_OBJC_IMPLICIT_RETAIN_SELF = YES;
				CLANG_WARN_OBJC_LITERAL_CONVERSION = YES;
				CLANG_WARN_OBJC_ROOT_CLASS = YES_ERROR;
				CLANG_WARN_QUOTED_INCLUDE_IN_FRAMEWORK_HEADER = YES;
				CLANG_WARN_RANGE_LOOP_ANALYSIS = YES;
				CLANG_WARN_STRICT_PROTOTYPES = YES;
				CLANG_WARN_SUSPICIOUS_MOVE = YES;
				CLANG_WARN_UNGUARDED_AVAILABILITY = YES_AGGRESSIVE;
				CLANG_WARN_UNREACHABLE_CODE = YES;
				CLANG_WARN__DUPLICATE_METHOD_MATCH = YES;
				COPY_PHASE_STRIP = NO;
				DEBUG_INFORMATION_FORMAT = "dwarf-with-dsym";
				ENABLE_NS_ASSERTIONS = NO;
				ENABLE_STRICT_OBJC_MSGSEND = YES;
				GCC_C_LANGUAGE_STANDARD = gnu11;
				GCC_NO_COMMON_BLOCKS = YES;
				GCC_WARN_64_TO_32_BIT_CONVERSION = YES;
				GCC_WARN_ABOUT_RETURN_TYPE = YES_ERROR;
				GCC_WARN_UNDECLARED_SELECTOR = YES;
				GCC_WARN_UNINITIALIZED_AUTOS = YES_AGGRESSIVE;
				GCC_WARN_UNUSED_FUNCTION = YES;
				GCC_WARN_UNUSED_VARIABLE = YES;
				IPHONEOS_DEPLOYMENT_TARGET = 15.0;
				MTL_ENABLE_DEBUG_INFO = NO;
				MTL_FAST_MATH = YES;
				SDKROOT = iphoneos;
				SWIFT_COMPILATION_MODE = wholemodule;
				SWIFT_OPTIMIZATION_LEVEL = "-O";
				VALIDATE_PRODUCT = YES;
			};
			name = Release;
		};
		B25CD48727160CA6005DD73E /* Debug */ = {
			isa = XCBuildConfiguration;
			baseConfigurationReference = D7CBC26F1D14FC71EA7E1B6F /* Pods-Spotify.debug.xcconfig */;
			buildSettings = {
				ASSETCATALOG_COMPILER_APPICON_NAME = AppIcon;
				ASSETCATALOG_COMPILER_GLOBAL_ACCENT_COLOR_NAME = AccentColor;
				CODE_SIGN_STYLE = Automatic;
				CURRENT_PROJECT_VERSION = 1;
				DEVELOPMENT_TEAM = LVUJURGN29;
				GENERATE_INFOPLIST_FILE = YES;
				INFOPLIST_FILE = Spotify/Info.plist;
				INFOPLIST_KEY_UIApplicationSupportsIndirectInputEvents = YES;
				INFOPLIST_KEY_UILaunchStoryboardName = LaunchScreen;
				INFOPLIST_KEY_UIMainStoryboardFile = Main;
				INFOPLIST_KEY_UISupportedInterfaceOrientations_iPad = "UIInterfaceOrientationPortrait UIInterfaceOrientationPortraitUpsideDown UIInterfaceOrientationLandscapeLeft UIInterfaceOrientationLandscapeRight";
				INFOPLIST_KEY_UISupportedInterfaceOrientations_iPhone = "UIInterfaceOrientationPortrait UIInterfaceOrientationLandscapeLeft UIInterfaceOrientationLandscapeRight";
				LD_RUNPATH_SEARCH_PATHS = (
					"$(inherited)",
					"@executable_path/Frameworks",
				);
				MARKETING_VERSION = 1.0;
				PRODUCT_BUNDLE_IDENTIFIER = com.elliottkung.sample.Spotify;
				PRODUCT_NAME = "$(TARGET_NAME)";
				SWIFT_EMIT_LOC_STRINGS = YES;
				SWIFT_VERSION = 5.0;
				TARGETED_DEVICE_FAMILY = "1,2";
			};
			name = Debug;
		};
		B25CD48827160CA6005DD73E /* Release */ = {
			isa = XCBuildConfiguration;
			baseConfigurationReference = 2E8823B0DFA0750E5F70F49A /* Pods-Spotify.release.xcconfig */;
			buildSettings = {
				ASSETCATALOG_COMPILER_APPICON_NAME = AppIcon;
				ASSETCATALOG_COMPILER_GLOBAL_ACCENT_COLOR_NAME = AccentColor;
				CODE_SIGN_STYLE = Automatic;
				CURRENT_PROJECT_VERSION = 1;
				DEVELOPMENT_TEAM = LVUJURGN29;
				GENERATE_INFOPLIST_FILE = YES;
				INFOPLIST_FILE = Spotify/Info.plist;
				INFOPLIST_KEY_UIApplicationSupportsIndirectInputEvents = YES;
				INFOPLIST_KEY_UILaunchStoryboardName = LaunchScreen;
				INFOPLIST_KEY_UIMainStoryboardFile = Main;
				INFOPLIST_KEY_UISupportedInterfaceOrientations_iPad = "UIInterfaceOrientationPortrait UIInterfaceOrientationPortraitUpsideDown UIInterfaceOrientationLandscapeLeft UIInterfaceOrientationLandscapeRight";
				INFOPLIST_KEY_UISupportedInterfaceOrientations_iPhone = "UIInterfaceOrientationPortrait UIInterfaceOrientationLandscapeLeft UIInterfaceOrientationLandscapeRight";
				LD_RUNPATH_SEARCH_PATHS = (
					"$(inherited)",
					"@executable_path/Frameworks",
				);
				MARKETING_VERSION = 1.0;
				PRODUCT_BUNDLE_IDENTIFIER = com.elliottkung.sample.Spotify;
				PRODUCT_NAME = "$(TARGET_NAME)";
				SWIFT_EMIT_LOC_STRINGS = YES;
				SWIFT_VERSION = 5.0;
				TARGETED_DEVICE_FAMILY = "1,2";
			};
			name = Release;
		};
		B25CD48A27160CA6005DD73E /* Debug */ = {
			isa = XCBuildConfiguration;
			buildSettings = {
				ALWAYS_EMBED_SWIFT_STANDARD_LIBRARIES = YES;
				BUNDLE_LOADER = "$(TEST_HOST)";
				CODE_SIGN_STYLE = Automatic;
				CURRENT_PROJECT_VERSION = 1;
				DEVELOPMENT_TEAM = LVUJURGN29;
				GENERATE_INFOPLIST_FILE = YES;
				IPHONEOS_DEPLOYMENT_TARGET = 15.0;
				LD_RUNPATH_SEARCH_PATHS = (
					"$(inherited)",
					"@executable_path/Frameworks",
					"@loader_path/Frameworks",
				);
				MARKETING_VERSION = 1.0;
				PRODUCT_BUNDLE_IDENTIFIER = com.elliottkung.sample.SpotifyTests;
				PRODUCT_NAME = "$(TARGET_NAME)";
				SWIFT_EMIT_LOC_STRINGS = NO;
				SWIFT_VERSION = 5.0;
				TARGETED_DEVICE_FAMILY = "1,2";
				TEST_HOST = "$(BUILT_PRODUCTS_DIR)/Spotify.app/Spotify";
			};
			name = Debug;
		};
		B25CD48B27160CA6005DD73E /* Release */ = {
			isa = XCBuildConfiguration;
			buildSettings = {
				ALWAYS_EMBED_SWIFT_STANDARD_LIBRARIES = YES;
				BUNDLE_LOADER = "$(TEST_HOST)";
				CODE_SIGN_STYLE = Automatic;
				CURRENT_PROJECT_VERSION = 1;
				DEVELOPMENT_TEAM = LVUJURGN29;
				GENERATE_INFOPLIST_FILE = YES;
				IPHONEOS_DEPLOYMENT_TARGET = 15.0;
				LD_RUNPATH_SEARCH_PATHS = (
					"$(inherited)",
					"@executable_path/Frameworks",
					"@loader_path/Frameworks",
				);
				MARKETING_VERSION = 1.0;
				PRODUCT_BUNDLE_IDENTIFIER = com.elliottkung.sample.SpotifyTests;
				PRODUCT_NAME = "$(TARGET_NAME)";
				SWIFT_EMIT_LOC_STRINGS = NO;
				SWIFT_VERSION = 5.0;
				TARGETED_DEVICE_FAMILY = "1,2";
				TEST_HOST = "$(BUILT_PRODUCTS_DIR)/Spotify.app/Spotify";
			};
			name = Release;
		};
		B25CD48D27160CA6005DD73E /* Debug */ = {
			isa = XCBuildConfiguration;
			buildSettings = {
				ALWAYS_EMBED_SWIFT_STANDARD_LIBRARIES = YES;
				CODE_SIGN_STYLE = Automatic;
				CURRENT_PROJECT_VERSION = 1;
				DEVELOPMENT_TEAM = LVUJURGN29;
				GENERATE_INFOPLIST_FILE = YES;
				LD_RUNPATH_SEARCH_PATHS = (
					"$(inherited)",
					"@executable_path/Frameworks",
					"@loader_path/Frameworks",
				);
				MARKETING_VERSION = 1.0;
				PRODUCT_BUNDLE_IDENTIFIER = com.elliottkung.sample.SpotifyUITests;
				PRODUCT_NAME = "$(TARGET_NAME)";
				SWIFT_EMIT_LOC_STRINGS = NO;
				SWIFT_VERSION = 5.0;
				TARGETED_DEVICE_FAMILY = "1,2";
				TEST_TARGET_NAME = Spotify;
			};
			name = Debug;
		};
		B25CD48E27160CA6005DD73E /* Release */ = {
			isa = XCBuildConfiguration;
			buildSettings = {
				ALWAYS_EMBED_SWIFT_STANDARD_LIBRARIES = YES;
				CODE_SIGN_STYLE = Automatic;
				CURRENT_PROJECT_VERSION = 1;
				DEVELOPMENT_TEAM = LVUJURGN29;
				GENERATE_INFOPLIST_FILE = YES;
				LD_RUNPATH_SEARCH_PATHS = (
					"$(inherited)",
					"@executable_path/Frameworks",
					"@loader_path/Frameworks",
				);
				MARKETING_VERSION = 1.0;
				PRODUCT_BUNDLE_IDENTIFIER = com.elliottkung.sample.SpotifyUITests;
				PRODUCT_NAME = "$(TARGET_NAME)";
				SWIFT_EMIT_LOC_STRINGS = NO;
				SWIFT_VERSION = 5.0;
				TARGETED_DEVICE_FAMILY = "1,2";
				TEST_TARGET_NAME = Spotify;
			};
			name = Release;
		};
/* End XCBuildConfiguration section */

/* Begin XCConfigurationList section */
		B25CD45727160CA3005DD73E /* Build configuration list for PBXProject "Spotify" */ = {
			isa = XCConfigurationList;
			buildConfigurations = (
				B25CD48427160CA6005DD73E /* Debug */,
				B25CD48527160CA6005DD73E /* Release */,
			);
			defaultConfigurationIsVisible = 0;
			defaultConfigurationName = Release;
		};
		B25CD48627160CA6005DD73E /* Build configuration list for PBXNativeTarget "Spotify" */ = {
			isa = XCConfigurationList;
			buildConfigurations = (
				B25CD48727160CA6005DD73E /* Debug */,
				B25CD48827160CA6005DD73E /* Release */,
			);
			defaultConfigurationIsVisible = 0;
			defaultConfigurationName = Release;
		};
		B25CD48927160CA6005DD73E /* Build configuration list for PBXNativeTarget "SpotifyTests" */ = {
			isa = XCConfigurationList;
			buildConfigurations = (
				B25CD48A27160CA6005DD73E /* Debug */,
				B25CD48B27160CA6005DD73E /* Release */,
			);
			defaultConfigurationIsVisible = 0;
			defaultConfigurationName = Release;
		};
		B25CD48C27160CA6005DD73E /* Build configuration list for PBXNativeTarget "SpotifyUITests" */ = {
			isa = XCConfigurationList;
			buildConfigurations = (
				B25CD48D27160CA6005DD73E /* Debug */,
				B25CD48E27160CA6005DD73E /* Release */,
			);
			defaultConfigurationIsVisible = 0;
			defaultConfigurationName = Release;
		};
/* End XCConfigurationList section */
	};
	rootObject = B25CD45427160CA3005DD73E /* Project object */;
}
