PODS:
  - Appirater (2.3.1)
  - SDWebImage (5.10.0):
    - SDWebImage/Core (= 5.10.0)
  - SDWebImage/Core (5.10.0)

DEPENDENCIES:
  - Appirater
  - SDWebImage

SPEC REPOS:
  trunk:
    - Appirater
    - SDWebImage

SPEC CHECKSUMS:
  Appirater: 44a4651f7912a17dc906b655f0c215d5bb768b84
  SDWebImage: 9169792e9eec3e45bba2a0c02f74bf8bd922d1ee

PODFILE CHECKSUM: 2d1ce0f64b62d0e85d340c6eb57f1cf4851e4c6c

COCOAPODS: 1.10.0
